<?xml version="1.0" encoding="UTF-8"?>
<!DOCTYPE plist PUBLIC "-//Apple//DTD PLIST 1.0//EN" "http://www.apple.com/DTDs/PropertyList-1.0.dtd">
<plist version="1.0">
<dict>
	<key>archiveVersion</key>
	<string>1</string>
	<key>classes</key>
	<dict/>
	<key>objectVersion</key>
	<string>46</string>
	<key>objects</key>
	<dict>
		<key>1D046D8C1AB6953600D0354B</key>
		<dict>
			<key>children</key>
			<array>
				<string>6DEE0FC31AC34811005552F9</string>
				<string>B01FE1541C1765080077C2BF</string>
				<string>7FCE05E51ABF4BD1002103DE</string>
				<string>6067F0801BFD4F7E004059A0</string>
				<string>FAB564711AF6A8C9001059DF</string>
				<string>FAAFB7F21C7E7BDB00B21BBE</string>
				<string>6084F6C41BE700B00048EFE3</string>
				<string>B085F3B31BE3CBB80000421E</string>
				<string>B085F3B41BE3CBB80000421E</string>
			</array>
			<key>isa</key>
			<string>PBXGroup</string>
			<key>path</key>
			<string>Controllers</string>
			<key>sourceTree</key>
			<string>&lt;group&gt;</string>
		</dict>
		<key>1D1C46F71CB6002C00D1B431</key>
		<dict>
			<key>fileRef</key>
			<string>426E1A4A1C87BA6400512214</string>
			<key>isa</key>
			<string>PBXBuildFile</string>
		</dict>
		<key>1D1CC60C1C31BC0D0052F66D</key>
		<dict>
			<key>fileEncoding</key>
			<string>4</string>
			<key>isa</key>
			<string>PBXFileReference</string>
			<key>lastKnownFileType</key>
			<string>sourcecode.swift</string>
			<key>path</key>
			<string>NSURLSession+Shared.swift</string>
			<key>sourceTree</key>
			<string>&lt;group&gt;</string>
		</dict>
		<key>1D1CC60D1C31BC0D0052F66D</key>
		<dict>
			<key>fileRef</key>
			<string>1D1CC60C1C31BC0D0052F66D</string>
			<key>isa</key>
			<string>PBXBuildFile</string>
		</dict>
		<key>1D1DD7101AE492750066AB39</key>
		<dict>
			<key>children</key>
			<array>
				<string>952F0FCB1BCF20E100C53522</string>
				<string>1DD875FB1B6E27DD0041C45B</string>
				<string>1DB2838F1B6D8FCC00134FEA</string>
				<string>1D1CC60C1C31BC0D0052F66D</string>
				<string>1DFB2ED61B76D7FB001B7C76</string>
				<string>6DA5FE4C1AED72F800E795DD</string>
				<string>426E1A4A1C87BA6400512214</string>
				<string>FA674C0E1AF917A200C14463</string>
				<string>1D1DD7121AE492750066AB39</string>
			</array>
			<key>isa</key>
			<string>PBXGroup</string>
			<key>path</key>
			<string>Utilities</string>
			<key>sourceTree</key>
			<string>&lt;group&gt;</string>
		</dict>
		<key>1D1DD7121AE492750066AB39</key>
		<dict>
			<key>fileEncoding</key>
			<string>4</string>
			<key>isa</key>
			<string>PBXFileReference</string>
			<key>lastKnownFileType</key>
			<string>sourcecode.swift</string>
			<key>path</key>
			<string>Util.swift</string>
			<key>sourceTree</key>
			<string>&lt;group&gt;</string>
		</dict>
		<key>1D1DD7141AE492750066AB39</key>
		<dict>
			<key>fileRef</key>
			<string>1D1DD7121AE492750066AB39</string>
			<key>isa</key>
			<string>PBXBuildFile</string>
		</dict>
		<key>1D65392E1AD0E23800E82627</key>
		<dict>
			<key>children</key>
			<array>
				<string>1D802AB81B7873A5005A96D1</string>
				<string>1DB283911B6D969A00134FEA</string>
				<string>95D1E77D1CE20BED00E1EF0F</string>
				<string>FA1E1A7D1ADB0818007C823C</string>
				<string>60256C191BC1BFA900B52FDD</string>
				<string>60256C0F1BC1BC7900B52FDD</string>
				<string>BA24C57C1AF866630066C2ED</string>
			</array>
			<key>isa</key>
			<string>PBXGroup</string>
			<key>path</key>
			<string>Views</string>
			<key>sourceTree</key>
			<string>&lt;group&gt;</string>
		</dict>
		<key>1D65392F1AD0E23800E82627</key>
		<dict>
			<key>fileEncoding</key>
			<string>4</string>
			<key>isa</key>
			<string>PBXFileReference</string>
			<key>lastKnownFileType</key>
			<string>sourcecode.swift</string>
			<key>path</key>
			<string>FeedTableViewCell.swift</string>
			<key>sourceTree</key>
			<string>&lt;group&gt;</string>
		</dict>
		<key>1D6539301AD0E23800E82627</key>
		<dict>
			<key>fileRef</key>
			<string>1D65392F1AD0E23800E82627</string>
			<key>isa</key>
			<string>PBXBuildFile</string>
		</dict>
		<key>1D653F3D1B81451700F54455</key>
		<dict>
			<key>fileEncoding</key>
			<string>4</string>
			<key>isa</key>
			<string>PBXFileReference</string>
			<key>lastKnownFileType</key>
			<string>sourcecode.swift</string>
			<key>path</key>
			<string>SpotifyController.swift</string>
			<key>sourceTree</key>
			<string>&lt;group&gt;</string>
		</dict>
		<key>1D653F3E1B81451700F54455</key>
		<dict>
			<key>fileRef</key>
			<string>1D653F3D1B81451700F54455</string>
			<key>isa</key>
			<string>PBXBuildFile</string>
		</dict>
		<key>1D72D9AC1AACC4C0007822B0</key>
		<dict>
			<key>children</key>
			<array>
				<string>B9DF81295CC69057799B6683</string>
				<string>1D72D9B71AACC4C0007822B0</string>
				<string>E244AA0D43192C66D8A68954</string>
				<string>1D72D9B61AACC4C0007822B0</string>
			</array>
			<key>isa</key>
			<string>PBXGroup</string>
			<key>sourceTree</key>
			<string>&lt;group&gt;</string>
			<key>usesTabs</key>
			<string>1</string>
		</dict>
		<key>1D72D9AD1AACC4C0007822B0</key>
		<dict>
			<key>attributes</key>
			<dict>
				<key>LastSwiftMigration</key>
				<string>0700</string>
				<key>LastSwiftUpdateCheck</key>
				<string>0700</string>
				<key>LastUpgradeCheck</key>
				<string>0710</string>
				<key>ORGANIZATIONNAME</key>
				<string>CUAppDev</string>
				<key>TargetAttributes</key>
				<dict>
					<key>1D72D9B41AACC4C0007822B0</key>
					<dict>
						<key>CreatedOnToolsVersion</key>
						<string>6.1.1</string>
					</dict>
				</dict>
			</dict>
			<key>buildConfigurationList</key>
			<string>1D72D9B01AACC4C0007822B0</string>
			<key>compatibilityVersion</key>
			<string>Xcode 3.2</string>
			<key>developmentRegion</key>
			<string>English</string>
			<key>hasScannedForEncodings</key>
			<string>0</string>
			<key>isa</key>
			<string>PBXProject</string>
			<key>knownRegions</key>
			<array>
				<string>en</string>
				<string>Base</string>
			</array>
			<key>mainGroup</key>
			<string>1D72D9AC1AACC4C0007822B0</string>
			<key>productRefGroup</key>
			<string>1D72D9B61AACC4C0007822B0</string>
			<key>projectDirPath</key>
			<string></string>
			<key>projectReferences</key>
			<array/>
			<key>projectRoot</key>
			<string></string>
			<key>targets</key>
			<array>
				<string>1D72D9B41AACC4C0007822B0</string>
			</array>
		</dict>
		<key>1D72D9B01AACC4C0007822B0</key>
		<dict>
			<key>buildConfigurations</key>
			<array>
				<string>1D72D9D21AACC4C0007822B0</string>
				<string>1D72D9D31AACC4C0007822B0</string>
			</array>
			<key>defaultConfigurationIsVisible</key>
			<string>0</string>
			<key>defaultConfigurationName</key>
			<string>Release</string>
			<key>isa</key>
			<string>XCConfigurationList</string>
		</dict>
		<key>1D72D9B11AACC4C0007822B0</key>
		<dict>
			<key>buildActionMask</key>
			<string>2147483647</string>
			<key>files</key>
			<array>
				<string>1D1C46F71CB6002C00D1B431</string>
				<string>1DCB961C1AED5F48007F6A4B</string>
				<string>D148F4941AF03169009AB073</string>
				<string>1DFB2ED71B76D7FB001B7C76</string>
				<string>1D653F3E1B81451700F54455</string>
				<string>FA1E1A7C1ADB072A007C823C</string>
				<string>1DB283901B6D8FCC00134FEA</string>
				<string>D17395741ADB080900A53AEE</string>
				<string>1D6539301AD0E23800E82627</string>
				<string>1DE649C31B78590800DA5499</string>
				<string>FA1E1A7E1ADB0818007C823C</string>
				<string>D160ADFF1BE67406003B0E1A</string>
				<string>6092CBD91C021C5E008836AE</string>
				<string>1DA44FC61B6D84D1009EC2BD</string>
				<string>1D1DD7141AE492750066AB39</string>
				<string>FA1A91311AC3899E00774EF3</string>
				<string>1DFBFB541B784634001DD6AC</string>
				<string>60256C1A1BC1BFA900B52FDD</string>
				<string>1D72D9BB1AACC4C0007822B0</string>
				<string>FAB564731AF6A8C9001059DF</string>
				<string>6D3FA65C1AD5FACB00B1320D</string>
				<string>1DD875FC1B6E27DD0041C45B</string>
				<string>D102A9D11AE88CB400C66385</string>
				<string>952F0FEE1BCF20E100C53522</string>
				<string>D14D06B21BE9535400ABA1CF</string>
				<string>7FCE05E91ABF4BD1002103DE</string>
				<string>6067F0821BFD4F7E004059A0</string>
				<string>D173958A1ADF360C00A53AEE</string>
				<string>CCC0F80E1C0257A2003429BF</string>
				<string>952F0FFD1BCF20E100C53522</string>
				<string>D11740001AF8574400302FFD</string>
				<string>6D3349A01AE3F11300B512FD</string>
				<string>FA674C071AF9105E00C14463</string>
				<string>D102A9C71AE889D600C66385</string>
				<string>6DA5FE4D1AED72F800E795DD</string>
				<string>D148F4AE1AF03EF5009AB073</string>
				<string>DDEC11551C838F6E0090102A</string>
				<string>D148F4981AF031DB009AB073</string>
				<string>FA674C0F1AF917A200C14463</string>
				<string>6084F6C51BE700B00048EFE3</string>
				<string>BA24C57D1AF866630066C2ED</string>
				<string>FAAFB7F31C7E7BDB00B21BBE</string>
				<string>FA1E1A781ADB06A3007C823C</string>
				<string>952F0FFC1BCF20E100C53522</string>
				<string>DDEC11531C8382BB0090102A</string>
				<string>1D1CC60D1C31BC0D0052F66D</string>
				<string>D148F48C1AF0310D009AB073</string>
				<string>D14A31591AF53218005153E6</string>
				<string>95D1E77E1CE20BED00E1EF0F</string>
				<string>952F0FFE1BCF20E100C53522</string>
				<string>D160AE021BE677D4003B0E1A</string>
				<string>D148F4AA1AF03EB4009AB073</string>
				<string>6DEE0FDA1AC34811005552F9</string>
			</array>
			<key>isa</key>
			<string>PBXSourcesBuildPhase</string>
			<key>runOnlyForDeploymentPostprocessing</key>
			<string>0</string>
		</dict>
		<key>1D72D9B21AACC4C0007822B0</key>
		<dict>
			<key>buildActionMask</key>
			<string>2147483647</string>
			<key>files</key>
			<array>
				<string>1D802AB71B78635A005A96D1</string>
				<string>1D802AB51B786351005A96D1</string>
				<string>1DFD73601BA0DC68008D9FD8</string>
				<string>7627A03A72604697AE5116CB</string>
			</array>
			<key>isa</key>
			<string>PBXFrameworksBuildPhase</string>
			<key>runOnlyForDeploymentPostprocessing</key>
			<string>0</string>
		</dict>
		<key>1D72D9B31AACC4C0007822B0</key>
		<dict>
			<key>buildActionMask</key>
			<string>2147483647</string>
			<key>files</key>
			<array>
				<string>6092CBDA1C021C5E008836AE</string>
				<string>B085F3B61BE3CBB80000421E</string>
				<string>D173958B1ADF360C00A53AEE</string>
				<string>1DB476481AEF24670066014F</string>
				<string>DDEC11471C8381EE0090102A</string>
				<string>6D3FA6611AD5FD5C00B1320D</string>
				<string>6D3349A21AE423DA00B512FD</string>
				<string>D160AE001BE67406003B0E1A</string>
				<string>1DC9BBA01AE805A00033E970</string>
				<string>1DE649C41B78590800DA5499</string>
				<string>D148F4AF1AF03EF5009AB073</string>
				<string>1DFBFB521B7845E7001DD6AC</string>
				<string>60256C101BC1BC7900B52FDD</string>
				<string>D102A9C81AE889D600C66385</string>
				<string>FAB5647C1AF6BAE4001059DF</string>
				<string>D11740081AF8574900302FFD</string>
				<string>1D72D9C21AACC4C0007822B0</string>
			</array>
			<key>isa</key>
			<string>PBXResourcesBuildPhase</string>
			<key>runOnlyForDeploymentPostprocessing</key>
			<string>0</string>
		</dict>
		<key>1D72D9B41AACC4C0007822B0</key>
		<dict>
			<key>buildConfigurationList</key>
			<string>1D72D9D41AACC4C0007822B0</string>
			<key>buildPhases</key>
			<array>
				<string>ED540AF0F8E9E1ABABA07036</string>
				<string>1D72D9B11AACC4C0007822B0</string>
				<string>1D72D9B21AACC4C0007822B0</string>
				<string>1D72D9B31AACC4C0007822B0</string>
				<string>1DFD738A1BA0EE7B008D9FD8</string>
				<string>23F0C18350569E0AD1126E0A</string>
				<string>AC8DDD8183B4879D60E0364E</string>
			</array>
			<key>buildRules</key>
			<array/>
			<key>dependencies</key>
			<array/>
			<key>isa</key>
			<string>PBXNativeTarget</string>
			<key>name</key>
			<string>IceFishing</string>
			<key>productName</key>
			<string>IceFishing</string>
			<key>productReference</key>
			<string>1D72D9B51AACC4C0007822B0</string>
			<key>productType</key>
			<string>com.apple.product-type.application</string>
		</dict>
		<key>1D72D9B51AACC4C0007822B0</key>
		<dict>
			<key>explicitFileType</key>
			<string>wrapper.application</string>
			<key>includeInIndex</key>
			<string>0</string>
			<key>isa</key>
			<string>PBXFileReference</string>
			<key>path</key>
			<string>IceFishing.app</string>
			<key>sourceTree</key>
			<string>BUILT_PRODUCTS_DIR</string>
		</dict>
		<key>1D72D9B61AACC4C0007822B0</key>
		<dict>
			<key>children</key>
			<array>
				<string>1D72D9B51AACC4C0007822B0</string>
			</array>
			<key>isa</key>
			<string>PBXGroup</string>
			<key>name</key>
			<string>Products</string>
			<key>sourceTree</key>
			<string>&lt;group&gt;</string>
		</dict>
		<key>1D72D9B71AACC4C0007822B0</key>
		<dict>
			<key>children</key>
			<array>
				<string>1D046D8C1AB6953600D0354B</string>
				<string>6D54C2A61ABF5A87007648A5</string>
				<string>FA1E1A7A1ADB06A8007C823C</string>
				<string>1D72D9B81AACC4C0007822B0</string>
				<string>1D1DD7101AE492750066AB39</string>
				<string>1DE932921AAD12A700AD3BF0</string>
				<string>1D65392E1AD0E23800E82627</string>
				<string>C0CF7B971AE425450083606C</string>
				<string>1D72D9BA1AACC4C0007822B0</string>
				<string>BA257E271ABA3FE200D939B0</string>
				<string>1D72D9C11AACC4C0007822B0</string>
				<string>1D72D9C31AACC4C0007822B0</string>
				<string>FA1A91301AC3899E00774EF3</string>
			</array>
			<key>isa</key>
			<string>PBXGroup</string>
			<key>path</key>
			<string>IceFishing</string>
			<key>sourceTree</key>
			<string>&lt;group&gt;</string>
		</dict>
		<key>1D72D9B81AACC4C0007822B0</key>
		<dict>
			<key>children</key>
			<array>
				<string>1D72D9B91AACC4C0007822B0</string>
			</array>
			<key>isa</key>
			<string>PBXGroup</string>
			<key>path</key>
			<string>Supporting Files</string>
			<key>sourceTree</key>
			<string>&lt;group&gt;</string>
		</dict>
		<key>1D72D9B91AACC4C0007822B0</key>
		<dict>
			<key>isa</key>
			<string>PBXFileReference</string>
			<key>lastKnownFileType</key>
			<string>text.plist.xml</string>
			<key>path</key>
			<string>Info.plist</string>
			<key>sourceTree</key>
			<string>&lt;group&gt;</string>
		</dict>
		<key>1D72D9BA1AACC4C0007822B0</key>
		<dict>
			<key>isa</key>
			<string>PBXFileReference</string>
			<key>lastKnownFileType</key>
			<string>sourcecode.swift</string>
			<key>path</key>
			<string>AppDelegate.swift</string>
			<key>sourceTree</key>
			<string>&lt;group&gt;</string>
		</dict>
		<key>1D72D9BB1AACC4C0007822B0</key>
		<dict>
			<key>fileRef</key>
			<string>1D72D9BA1AACC4C0007822B0</string>
			<key>isa</key>
			<string>PBXBuildFile</string>
		</dict>
		<key>1D72D9C11AACC4C0007822B0</key>
		<dict>
			<key>isa</key>
			<string>PBXFileReference</string>
			<key>lastKnownFileType</key>
			<string>folder.assetcatalog</string>
			<key>path</key>
			<string>Images.xcassets</string>
			<key>sourceTree</key>
			<string>&lt;group&gt;</string>
		</dict>
		<key>1D72D9C21AACC4C0007822B0</key>
		<dict>
			<key>fileRef</key>
			<string>1D72D9C11AACC4C0007822B0</string>
			<key>isa</key>
			<string>PBXBuildFile</string>
		</dict>
		<key>1D72D9C31AACC4C0007822B0</key>
		<dict>
			<key>children</key>
			<array>
				<string>1D72D9C41AACC4C0007822B0</string>
			</array>
			<key>isa</key>
			<string>PBXVariantGroup</string>
			<key>name</key>
			<string>LaunchScreen.xib</string>
			<key>path</key>
			<string>.</string>
			<key>sourceTree</key>
			<string>&lt;group&gt;</string>
		</dict>
		<key>1D72D9C41AACC4C0007822B0</key>
		<dict>
			<key>isa</key>
			<string>PBXFileReference</string>
			<key>lastKnownFileType</key>
			<string>file.xib</string>
			<key>name</key>
			<string>Base</string>
			<key>path</key>
			<string>Base.lproj/LaunchScreen.xib</string>
			<key>sourceTree</key>
			<string>&lt;group&gt;</string>
		</dict>
		<key>1D72D9D21AACC4C0007822B0</key>
		<dict>
			<key>buildSettings</key>
			<dict>
				<key>ALWAYS_SEARCH_USER_PATHS</key>
				<string>NO</string>
				<key>CLANG_CXX_LANGUAGE_STANDARD</key>
				<string>gnu++0x</string>
				<key>CLANG_CXX_LIBRARY</key>
				<string>libc++</string>
				<key>CLANG_ENABLE_MODULES</key>
				<string>YES</string>
				<key>CLANG_ENABLE_OBJC_ARC</key>
				<string>YES</string>
				<key>CLANG_WARN_BOOL_CONVERSION</key>
				<string>YES</string>
				<key>CLANG_WARN_CONSTANT_CONVERSION</key>
				<string>YES</string>
				<key>CLANG_WARN_DIRECT_OBJC_ISA_USAGE</key>
				<string>YES_ERROR</string>
				<key>CLANG_WARN_EMPTY_BODY</key>
				<string>YES</string>
				<key>CLANG_WARN_ENUM_CONVERSION</key>
				<string>YES</string>
				<key>CLANG_WARN_INT_CONVERSION</key>
				<string>YES</string>
				<key>CLANG_WARN_OBJC_ROOT_CLASS</key>
				<string>YES_ERROR</string>
				<key>CLANG_WARN_UNREACHABLE_CODE</key>
				<string>YES</string>
				<key>CLANG_WARN__DUPLICATE_METHOD_MATCH</key>
				<string>YES</string>
				<key>CODE_SIGN_IDENTITY[sdk=iphoneos*]</key>
				<string>iPhone Developer</string>
				<key>COPY_PHASE_STRIP</key>
				<string>NO</string>
				<key>ENABLE_STRICT_OBJC_MSGSEND</key>
				<string>YES</string>
				<key>ENABLE_TESTABILITY</key>
				<string>YES</string>
				<key>GCC_C_LANGUAGE_STANDARD</key>
				<string>gnu99</string>
				<key>GCC_DYNAMIC_NO_PIC</key>
				<string>NO</string>
				<key>GCC_OPTIMIZATION_LEVEL</key>
				<string>0</string>
				<key>GCC_PREPROCESSOR_DEFINITIONS</key>
				<array>
					<string>DEBUG=1</string>
					<string>$(inherited)</string>
				</array>
				<key>GCC_SYMBOLS_PRIVATE_EXTERN</key>
				<string>NO</string>
				<key>GCC_WARN_64_TO_32_BIT_CONVERSION</key>
				<string>YES</string>
				<key>GCC_WARN_ABOUT_RETURN_TYPE</key>
				<string>YES_ERROR</string>
				<key>GCC_WARN_UNDECLARED_SELECTOR</key>
				<string>YES</string>
				<key>GCC_WARN_UNINITIALIZED_AUTOS</key>
				<string>YES_AGGRESSIVE</string>
				<key>GCC_WARN_UNUSED_FUNCTION</key>
				<string>YES</string>
				<key>GCC_WARN_UNUSED_VARIABLE</key>
				<string>YES</string>
				<key>IPHONEOS_DEPLOYMENT_TARGET</key>
				<string>8.4</string>
				<key>MTL_ENABLE_DEBUG_INFO</key>
				<string>YES</string>
				<key>ONLY_ACTIVE_ARCH</key>
				<string>YES</string>
				<key>SDKROOT</key>
				<string>iphoneos</string>
				<key>SWIFT_OPTIMIZATION_LEVEL</key>
				<string>-Onone</string>
				<key>TARGETED_DEVICE_FAMILY</key>
				<string>1,2</string>
			</dict>
			<key>isa</key>
			<string>XCBuildConfiguration</string>
			<key>name</key>
			<string>Debug</string>
		</dict>
		<key>1D72D9D31AACC4C0007822B0</key>
		<dict>
			<key>buildSettings</key>
			<dict>
				<key>ALWAYS_SEARCH_USER_PATHS</key>
				<string>NO</string>
				<key>CLANG_CXX_LANGUAGE_STANDARD</key>
				<string>gnu++0x</string>
				<key>CLANG_CXX_LIBRARY</key>
				<string>libc++</string>
				<key>CLANG_ENABLE_MODULES</key>
				<string>YES</string>
				<key>CLANG_ENABLE_OBJC_ARC</key>
				<string>YES</string>
				<key>CLANG_WARN_BOOL_CONVERSION</key>
				<string>YES</string>
				<key>CLANG_WARN_CONSTANT_CONVERSION</key>
				<string>YES</string>
				<key>CLANG_WARN_DIRECT_OBJC_ISA_USAGE</key>
				<string>YES_ERROR</string>
				<key>CLANG_WARN_EMPTY_BODY</key>
				<string>YES</string>
				<key>CLANG_WARN_ENUM_CONVERSION</key>
				<string>YES</string>
				<key>CLANG_WARN_INT_CONVERSION</key>
				<string>YES</string>
				<key>CLANG_WARN_OBJC_ROOT_CLASS</key>
				<string>YES_ERROR</string>
				<key>CLANG_WARN_UNREACHABLE_CODE</key>
				<string>YES</string>
				<key>CLANG_WARN__DUPLICATE_METHOD_MATCH</key>
				<string>YES</string>
				<key>CODE_SIGN_IDENTITY[sdk=iphoneos*]</key>
				<string>iPhone Developer</string>
				<key>COPY_PHASE_STRIP</key>
				<string>YES</string>
				<key>ENABLE_NS_ASSERTIONS</key>
				<string>NO</string>
				<key>ENABLE_STRICT_OBJC_MSGSEND</key>
				<string>YES</string>
				<key>GCC_C_LANGUAGE_STANDARD</key>
				<string>gnu99</string>
				<key>GCC_WARN_64_TO_32_BIT_CONVERSION</key>
				<string>YES</string>
				<key>GCC_WARN_ABOUT_RETURN_TYPE</key>
				<string>YES_ERROR</string>
				<key>GCC_WARN_UNDECLARED_SELECTOR</key>
				<string>YES</string>
				<key>GCC_WARN_UNINITIALIZED_AUTOS</key>
				<string>YES_AGGRESSIVE</string>
				<key>GCC_WARN_UNUSED_FUNCTION</key>
				<string>YES</string>
				<key>GCC_WARN_UNUSED_VARIABLE</key>
				<string>YES</string>
				<key>IPHONEOS_DEPLOYMENT_TARGET</key>
				<string>8.4</string>
				<key>MTL_ENABLE_DEBUG_INFO</key>
				<string>NO</string>
				<key>SDKROOT</key>
				<string>iphoneos</string>
				<key>TARGETED_DEVICE_FAMILY</key>
				<string>1,2</string>
				<key>VALIDATE_PRODUCT</key>
				<string>YES</string>
			</dict>
			<key>isa</key>
			<string>XCBuildConfiguration</string>
			<key>name</key>
			<string>Release</string>
		</dict>
		<key>1D72D9D41AACC4C0007822B0</key>
		<dict>
			<key>buildConfigurations</key>
			<array>
				<string>1D72D9D51AACC4C0007822B0</string>
				<string>1D72D9D61AACC4C0007822B0</string>
			</array>
			<key>defaultConfigurationIsVisible</key>
			<string>0</string>
			<key>defaultConfigurationName</key>
			<string>Release</string>
			<key>isa</key>
			<string>XCConfigurationList</string>
		</dict>
		<key>1D72D9D51AACC4C0007822B0</key>
		<dict>
			<key>baseConfigurationReference</key>
			<string>DBBDF6788B90A85996D296E1</string>
			<key>buildSettings</key>
			<dict>
				<key>ASSETCATALOG_COMPILER_APPICON_NAME</key>
				<string>AppIcon</string>
				<key>CLANG_ENABLE_MODULES</key>
				<string>YES</string>
				<key>CODE_SIGN_IDENTITY</key>
				<string>iPhone Developer</string>
				<key>CODE_SIGN_IDENTITY[sdk=iphoneos*]</key>
				<string>iPhone Developer</string>
				<key>ENABLE_BITCODE</key>
				<string>NO</string>
				<key>FRAMEWORK_SEARCH_PATHS</key>
				<array>
					<string>$(inherited)</string>
					<string>$(PROJECT_DIR)/IceFishing/Vendor</string>
					<string>$(PROJECT_DIR)/IceFishing/Vendor/ios-sdk</string>
				</array>
				<key>INFOPLIST_FILE</key>
				<string>IceFishing/Supporting Files/Info.plist</string>
				<key>IPHONEOS_DEPLOYMENT_TARGET</key>
				<string>8.4</string>
				<key>LD_RUNPATH_SEARCH_PATHS</key>
				<string>$(inherited) @executable_path/Frameworks</string>
				<key>OTHER_LDFLAGS</key>
				<array>
					<string>$(inherited)</string>
					<string>-framework</string>
					<string>"Alamofire"</string>
					<string>-framework</string>
					<string>"Bolts"</string>
					<string>-framework</string>
					<string>"FBSDKCoreKit"</string>
					<string>-framework</string>
					<string>"FBSDKLoginKit"</string>
					<string>-framework</string>
					<string>"FBSDKShareKit"</string>
					<string>-framework</string>
					<string>"MarqueeLabel"</string>
					<string>-framework</string>
					<string>"SWRevealViewController"</string>
					<string>-framework</string>
					<string>"SwiftyJSON"</string>
					<string>-framework</string>
					<string>"Tweaks"</string>
					<string>-ObjC</string>
				</array>
				<key>PRODUCT_BUNDLE_IDENTIFIER</key>
				<string>com.cuappdev.IceFishing</string>
				<key>PRODUCT_NAME</key>
				<string>$(TARGET_NAME)</string>
				<key>PROVISIONING_PROFILE</key>
				<string></string>
				<key>SWIFT_OBJC_BRIDGING_HEADER</key>
				<string>IceFishing/IceFishing-Bridging-Header.h</string>
				<key>SWIFT_OPTIMIZATION_LEVEL</key>
				<string>-Onone</string>
			</dict>
			<key>isa</key>
			<string>XCBuildConfiguration</string>
			<key>name</key>
			<string>Debug</string>
		</dict>
		<key>1D72D9D61AACC4C0007822B0</key>
		<dict>
			<key>baseConfigurationReference</key>
			<string>C2178CBB05DFFAE69D4FC237</string>
			<key>buildSettings</key>
			<dict>
				<key>ASSETCATALOG_COMPILER_APPICON_NAME</key>
				<string>AppIcon</string>
				<key>CLANG_ENABLE_MODULES</key>
				<string>YES</string>
				<key>CODE_SIGN_IDENTITY</key>
				<string>iPhone Developer</string>
				<key>CODE_SIGN_IDENTITY[sdk=iphoneos*]</key>
				<string>iPhone Developer</string>
				<key>ENABLE_BITCODE</key>
				<string>NO</string>
				<key>FRAMEWORK_SEARCH_PATHS</key>
				<array>
					<string>$(inherited)</string>
					<string>$(PROJECT_DIR)/IceFishing/Vendor</string>
					<string>$(PROJECT_DIR)/IceFishing/Vendor/ios-sdk</string>
				</array>
				<key>INFOPLIST_FILE</key>
				<string>IceFishing/Supporting Files/Info.plist</string>
				<key>IPHONEOS_DEPLOYMENT_TARGET</key>
				<string>8.4</string>
				<key>LD_RUNPATH_SEARCH_PATHS</key>
				<string>$(inherited) @executable_path/Frameworks</string>
				<key>OTHER_LDFLAGS</key>
				<array>
					<string>$(inherited)</string>
					<string>-framework</string>
					<string>"Alamofire"</string>
					<string>-framework</string>
					<string>"Bolts"</string>
					<string>-framework</string>
					<string>"FBSDKCoreKit"</string>
					<string>-framework</string>
					<string>"FBSDKLoginKit"</string>
					<string>-framework</string>
					<string>"FBSDKShareKit"</string>
					<string>-framework</string>
					<string>"MarqueeLabel"</string>
					<string>-framework</string>
					<string>"SWRevealViewController"</string>
					<string>-framework</string>
					<string>"SwiftyJSON"</string>
					<string>-framework</string>
					<string>"Tweaks"</string>
					<string>-ObjC</string>
				</array>
				<key>PRODUCT_BUNDLE_IDENTIFIER</key>
				<string>com.cuappdev.IceFishing</string>
				<key>PRODUCT_NAME</key>
				<string>$(TARGET_NAME)</string>
				<key>PROVISIONING_PROFILE</key>
				<string></string>
				<key>SWIFT_OBJC_BRIDGING_HEADER</key>
				<string>IceFishing/IceFishing-Bridging-Header.h</string>
				<key>SWIFT_OPTIMIZATION_LEVEL</key>
				<string>-O</string>
			</dict>
			<key>isa</key>
			<string>XCBuildConfiguration</string>
			<key>name</key>
			<string>Release</string>
		</dict>
		<key>1D802AB41B786350005A96D1</key>
		<dict>
			<key>isa</key>
			<string>PBXFileReference</string>
			<key>lastKnownFileType</key>
			<string>wrapper.framework</string>
			<key>name</key>
			<string>AVFoundation.framework</string>
			<key>path</key>
			<string>System/Library/Frameworks/AVFoundation.framework</string>
			<key>sourceTree</key>
			<string>SDKROOT</string>
		</dict>
		<key>1D802AB51B786351005A96D1</key>
		<dict>
			<key>fileRef</key>
			<string>1D802AB41B786350005A96D1</string>
			<key>isa</key>
			<string>PBXBuildFile</string>
		</dict>
		<key>1D802AB61B78635A005A96D1</key>
		<dict>
			<key>isa</key>
			<string>PBXFileReference</string>
			<key>lastKnownFileType</key>
			<string>wrapper.framework</string>
			<key>name</key>
			<string>SystemConfiguration.framework</string>
			<key>path</key>
			<string>System/Library/Frameworks/SystemConfiguration.framework</string>
			<key>sourceTree</key>
			<string>SDKROOT</string>
		</dict>
		<key>1D802AB71B78635A005A96D1</key>
		<dict>
			<key>fileRef</key>
			<string>1D802AB61B78635A005A96D1</string>
			<key>isa</key>
			<string>PBXBuildFile</string>
		</dict>
		<key>1D802AB81B7873A5005A96D1</key>
		<dict>
			<key>children</key>
			<array>
				<string>1D65392F1AD0E23800E82627</string>
				<string>1DC9BB9F1AE805A00033E970</string>
				<string>6092CBD71C021C5E008836AE</string>
				<string>6092CBD81C021C5E008836AE</string>
				<string>6D33499F1AE3F11300B512FD</string>
				<string>6D3349A11AE423DA00B512FD</string>
				<string>D160ADFD1BE67406003B0E1A</string>
				<string>D160ADFE1BE67406003B0E1A</string>
				<string>D102A9CF1AE88CB400C66385</string>
				<string>FAB5647B1AF6BAE3001059DF</string>
				<string>1DFBFB531B784634001DD6AC</string>
				<string>1DFBFB511B7845E7001DD6AC</string>
			</array>
			<key>isa</key>
			<string>PBXGroup</string>
			<key>name</key>
			<string>Cells</string>
			<key>path</key>
			<string>Cells</string>
			<key>sourceTree</key>
			<string>&lt;group&gt;</string>
		</dict>
		<key>1DA44FC51B6D84D1009EC2BD</key>
		<dict>
			<key>fileEncoding</key>
			<string>4</string>
			<key>isa</key>
			<string>PBXFileReference</string>
			<key>lastKnownFileType</key>
			<string>sourcecode.swift</string>
			<key>path</key>
			<string>PostButton.swift</string>
			<key>sourceTree</key>
			<string>&lt;group&gt;</string>
		</dict>
		<key>1DA44FC61B6D84D1009EC2BD</key>
		<dict>
			<key>fileRef</key>
			<string>1DA44FC51B6D84D1009EC2BD</string>
			<key>isa</key>
			<string>PBXBuildFile</string>
		</dict>
		<key>1DB2838F1B6D8FCC00134FEA</key>
		<dict>
			<key>fileEncoding</key>
			<string>4</string>
			<key>isa</key>
			<string>PBXFileReference</string>
			<key>lastKnownFileType</key>
			<string>sourcecode.swift</string>
			<key>name</key>
			<string>NSLayoutContraint+Fill.swift</string>
			<key>path</key>
			<string>NSLayoutContraint+Fill.swift</string>
			<key>sourceTree</key>
			<string>&lt;group&gt;</string>
		</dict>
		<key>1DB283901B6D8FCC00134FEA</key>
		<dict>
			<key>fileRef</key>
			<string>1DB2838F1B6D8FCC00134FEA</string>
			<key>isa</key>
			<string>PBXBuildFile</string>
		</dict>
		<key>1DB283911B6D969A00134FEA</key>
		<dict>
			<key>children</key>
			<array>
				<string>FA674C061AF9105E00C14463</string>
				<string>1DA44FC51B6D84D1009EC2BD</string>
				<string>1DB476471AEF24670066014F</string>
			</array>
			<key>isa</key>
			<string>PBXGroup</string>
			<key>name</key>
			<string>Controls</string>
			<key>path</key>
			<string>Controls</string>
			<key>sourceTree</key>
			<string>&lt;group&gt;</string>
		</dict>
		<key>1DB476471AEF24670066014F</key>
		<dict>
			<key>fileEncoding</key>
			<string>4</string>
			<key>isa</key>
			<string>PBXFileReference</string>
			<key>lastKnownFileType</key>
			<string>file.xib</string>
			<key>path</key>
			<string>PostButton.xib</string>
			<key>sourceTree</key>
			<string>&lt;group&gt;</string>
		</dict>
		<key>1DB476481AEF24670066014F</key>
		<dict>
			<key>fileRef</key>
			<string>1DB476471AEF24670066014F</string>
			<key>isa</key>
			<string>PBXBuildFile</string>
		</dict>
		<key>1DC9BB9F1AE805A00033E970</key>
		<dict>
			<key>fileEncoding</key>
			<string>4</string>
			<key>isa</key>
			<string>PBXFileReference</string>
			<key>lastKnownFileType</key>
			<string>file.xib</string>
			<key>name</key>
			<string>FeedTableViewCell.xib</string>
			<key>path</key>
			<string>FeedTableViewCell.xib</string>
			<key>sourceTree</key>
			<string>&lt;group&gt;</string>
		</dict>
		<key>1DC9BBA01AE805A00033E970</key>
		<dict>
			<key>fileRef</key>
			<string>1DC9BB9F1AE805A00033E970</string>
			<key>isa</key>
			<string>PBXBuildFile</string>
		</dict>
		<key>1DCB961C1AED5F48007F6A4B</key>
		<dict>
			<key>fileRef</key>
			<string>C0CF7B971AE425450083606C</string>
			<key>isa</key>
			<string>PBXBuildFile</string>
		</dict>
		<key>1DD875FB1B6E27DD0041C45B</key>
		<dict>
			<key>fileEncoding</key>
			<string>4</string>
			<key>isa</key>
			<string>PBXFileReference</string>
			<key>lastKnownFileType</key>
			<string>sourcecode.swift</string>
			<key>path</key>
			<string>NSDateFormatter+Shared.swift</string>
			<key>sourceTree</key>
			<string>&lt;group&gt;</string>
		</dict>
		<key>1DD875FC1B6E27DD0041C45B</key>
		<dict>
			<key>fileRef</key>
			<string>1DD875FB1B6E27DD0041C45B</string>
			<key>isa</key>
			<string>PBXBuildFile</string>
		</dict>
		<key>1DE649C11B78590800DA5499</key>
		<dict>
			<key>fileEncoding</key>
			<string>4</string>
			<key>isa</key>
			<string>PBXFileReference</string>
			<key>lastKnownFileType</key>
			<string>sourcecode.swift</string>
			<key>path</key>
			<string>SpotifyViewController.swift</string>
			<key>sourceTree</key>
			<string>&lt;group&gt;</string>
		</dict>
		<key>1DE649C21B78590800DA5499</key>
		<dict>
			<key>fileEncoding</key>
			<string>4</string>
			<key>isa</key>
			<string>PBXFileReference</string>
			<key>lastKnownFileType</key>
			<string>file.xib</string>
			<key>path</key>
			<string>SpotifyViewController.xib</string>
			<key>sourceTree</key>
			<string>&lt;group&gt;</string>
		</dict>
		<key>1DE649C31B78590800DA5499</key>
		<dict>
			<key>fileRef</key>
			<string>1DE649C11B78590800DA5499</string>
			<key>isa</key>
			<string>PBXBuildFile</string>
		</dict>
		<key>1DE649C41B78590800DA5499</key>
		<dict>
			<key>fileRef</key>
			<string>1DE649C21B78590800DA5499</string>
			<key>isa</key>
			<string>PBXBuildFile</string>
		</dict>
		<key>1DE932921AAD12A700AD3BF0</key>
		<dict>
			<key>children</key>
			<array>
				<string>1DFD735F1BA0DC68008D9FD8</string>
			</array>
			<key>isa</key>
			<string>PBXGroup</string>
			<key>path</key>
			<string>Vendor</string>
			<key>sourceTree</key>
			<string>&lt;group&gt;</string>
		</dict>
		<key>1DFB2ED61B76D7FB001B7C76</key>
		<dict>
			<key>fileEncoding</key>
			<string>4</string>
			<key>isa</key>
			<string>PBXFileReference</string>
			<key>lastKnownFileType</key>
			<string>sourcecode.swift</string>
			<key>name</key>
			<string>StyleController.swift</string>
			<key>path</key>
			<string>StyleController.swift</string>
			<key>sourceTree</key>
			<string>&lt;group&gt;</string>
		</dict>
		<key>1DFB2ED71B76D7FB001B7C76</key>
		<dict>
			<key>fileRef</key>
			<string>1DFB2ED61B76D7FB001B7C76</string>
			<key>isa</key>
			<string>PBXBuildFile</string>
		</dict>
		<key>1DFBFB511B7845E7001DD6AC</key>
		<dict>
			<key>fileEncoding</key>
			<string>4</string>
			<key>isa</key>
			<string>PBXFileReference</string>
			<key>lastKnownFileType</key>
			<string>file.xib</string>
			<key>path</key>
			<string>SongSearchTableViewCell.xib</string>
			<key>sourceTree</key>
			<string>&lt;group&gt;</string>
		</dict>
		<key>1DFBFB521B7845E7001DD6AC</key>
		<dict>
			<key>fileRef</key>
			<string>1DFBFB511B7845E7001DD6AC</string>
			<key>isa</key>
			<string>PBXBuildFile</string>
		</dict>
		<key>1DFBFB531B784634001DD6AC</key>
		<dict>
			<key>fileEncoding</key>
			<string>4</string>
			<key>isa</key>
			<string>PBXFileReference</string>
			<key>lastKnownFileType</key>
			<string>sourcecode.swift</string>
			<key>path</key>
			<string>SongSearchTableViewCell.swift</string>
			<key>sourceTree</key>
			<string>&lt;group&gt;</string>
		</dict>
		<key>1DFBFB541B784634001DD6AC</key>
		<dict>
			<key>fileRef</key>
			<string>1DFBFB531B784634001DD6AC</string>
			<key>isa</key>
			<string>PBXBuildFile</string>
		</dict>
		<key>1DFD735F1BA0DC68008D9FD8</key>
		<dict>
			<key>isa</key>
			<string>PBXFileReference</string>
			<key>lastKnownFileType</key>
			<string>wrapper.framework</string>
			<key>name</key>
			<string>Spotify.framework</string>
			<key>path</key>
			<string>ios-sdk/Spotify.framework</string>
			<key>sourceTree</key>
			<string>&lt;group&gt;</string>
		</dict>
		<key>1DFD73601BA0DC68008D9FD8</key>
		<dict>
			<key>fileRef</key>
			<string>1DFD735F1BA0DC68008D9FD8</string>
			<key>isa</key>
			<string>PBXBuildFile</string>
		</dict>
		<key>1DFD738A1BA0EE7B008D9FD8</key>
		<dict>
			<key>buildActionMask</key>
			<string>2147483647</string>
			<key>dstPath</key>
			<string></string>
			<key>dstSubfolderSpec</key>
			<string>10</string>
			<key>files</key>
			<array/>
			<key>isa</key>
			<string>PBXCopyFilesBuildPhase</string>
			<key>name</key>
			<string>Embed Frameworks</string>
			<key>runOnlyForDeploymentPostprocessing</key>
			<string>0</string>
		</dict>
		<key>23F0C18350569E0AD1126E0A</key>
		<dict>
			<key>buildActionMask</key>
			<string>2147483647</string>
			<key>files</key>
			<array/>
			<key>inputPaths</key>
			<array/>
			<key>isa</key>
			<string>PBXShellScriptBuildPhase</string>
			<key>name</key>
			<string>[CP] Embed Pods Frameworks</string>
			<key>outputPaths</key>
			<array/>
			<key>runOnlyForDeploymentPostprocessing</key>
			<string>0</string>
			<key>shellPath</key>
			<string>/bin/sh</string>
			<key>shellScript</key>
			<string>"${SRCROOT}/Pods/Target Support Files/Pods-IceFishing/Pods-IceFishing-frameworks.sh"
</string>
			<key>showEnvVarsInLog</key>
			<string>0</string>
		</dict>
		<key>426E1A4A1C87BA6400512214</key>
		<dict>
			<key>fileEncoding</key>
			<string>4</string>
			<key>isa</key>
			<string>PBXFileReference</string>
			<key>lastKnownFileType</key>
			<string>sourcecode.swift</string>
			<key>path</key>
			<string>UIView+Utilities.swift</string>
			<key>sourceTree</key>
			<string>&lt;group&gt;</string>
		</dict>
		<key>4E5CFFA002B864BD09465793</key>
		<dict>
			<key>explicitFileType</key>
			<string>wrapper.framework</string>
			<key>includeInIndex</key>
			<string>0</string>
			<key>isa</key>
			<string>PBXFileReference</string>
			<key>path</key>
			<string>Pods_IceFishing.framework</string>
			<key>sourceTree</key>
			<string>BUILT_PRODUCTS_DIR</string>
		</dict>
		<key>60256C0F1BC1BC7900B52FDD</key>
		<dict>
			<key>fileEncoding</key>
			<string>4</string>
			<key>isa</key>
			<string>PBXFileReference</string>
			<key>lastKnownFileType</key>
			<string>file.xib</string>
			<key>path</key>
			<string>SavedSongView.xib</string>
			<key>sourceTree</key>
			<string>&lt;group&gt;</string>
		</dict>
		<key>60256C101BC1BC7900B52FDD</key>
		<dict>
			<key>fileRef</key>
			<string>60256C0F1BC1BC7900B52FDD</string>
			<key>isa</key>
			<string>PBXBuildFile</string>
		</dict>
		<key>60256C191BC1BFA900B52FDD</key>
		<dict>
			<key>fileEncoding</key>
			<string>4</string>
			<key>isa</key>
			<string>PBXFileReference</string>
			<key>lastKnownFileType</key>
			<string>sourcecode.swift</string>
			<key>path</key>
			<string>SavedSongView.swift</string>
			<key>sourceTree</key>
			<string>&lt;group&gt;</string>
		</dict>
		<key>60256C1A1BC1BFA900B52FDD</key>
		<dict>
			<key>fileRef</key>
			<string>60256C191BC1BFA900B52FDD</string>
			<key>isa</key>
			<string>PBXBuildFile</string>
		</dict>
		<key>6067F0801BFD4F7E004059A0</key>
		<dict>
			<key>fileEncoding</key>
			<string>4</string>
			<key>isa</key>
			<string>PBXFileReference</string>
			<key>lastKnownFileType</key>
			<string>sourcecode.swift</string>
			<key>path</key>
			<string>FollowSuggestionTableViewController.swift</string>
			<key>sourceTree</key>
			<string>&lt;group&gt;</string>
		</dict>
		<key>6067F0821BFD4F7E004059A0</key>
		<dict>
			<key>fileRef</key>
			<string>6067F0801BFD4F7E004059A0</string>
			<key>isa</key>
			<string>PBXBuildFile</string>
		</dict>
		<key>6084F6C41BE700B00048EFE3</key>
		<dict>
			<key>fileEncoding</key>
			<string>4</string>
			<key>isa</key>
			<string>PBXFileReference</string>
			<key>lastKnownFileType</key>
			<string>sourcecode.swift</string>
			<key>path</key>
			<string>PlayerTableViewController.swift</string>
			<key>sourceTree</key>
			<string>&lt;group&gt;</string>
		</dict>
		<key>6084F6C51BE700B00048EFE3</key>
		<dict>
			<key>fileRef</key>
			<string>6084F6C41BE700B00048EFE3</string>
			<key>isa</key>
			<string>PBXBuildFile</string>
		</dict>
		<key>6092CBD71C021C5E008836AE</key>
		<dict>
			<key>fileEncoding</key>
			<string>4</string>
			<key>isa</key>
			<string>PBXFileReference</string>
			<key>lastKnownFileType</key>
			<string>sourcecode.swift</string>
			<key>path</key>
			<string>FollowSuggestionsTableViewCell.swift</string>
			<key>sourceTree</key>
			<string>&lt;group&gt;</string>
		</dict>
		<key>6092CBD81C021C5E008836AE</key>
		<dict>
			<key>fileEncoding</key>
			<string>4</string>
			<key>isa</key>
			<string>PBXFileReference</string>
			<key>lastKnownFileType</key>
			<string>file.xib</string>
			<key>path</key>
			<string>FollowSuggestionsTableViewCell.xib</string>
			<key>sourceTree</key>
			<string>&lt;group&gt;</string>
		</dict>
		<key>6092CBD91C021C5E008836AE</key>
		<dict>
			<key>fileRef</key>
			<string>6092CBD71C021C5E008836AE</string>
			<key>isa</key>
			<string>PBXBuildFile</string>
		</dict>
		<key>6092CBDA1C021C5E008836AE</key>
		<dict>
			<key>fileRef</key>
			<string>6092CBD81C021C5E008836AE</string>
			<key>isa</key>
			<string>PBXBuildFile</string>
		</dict>
		<key>6D33499F1AE3F11300B512FD</key>
		<dict>
			<key>fileEncoding</key>
			<string>4</string>
			<key>isa</key>
			<string>PBXFileReference</string>
			<key>lastKnownFileType</key>
			<string>sourcecode.swift</string>
			<key>name</key>
			<string>FollowTableViewCell.swift</string>
			<key>path</key>
			<string>FollowTableViewCell.swift</string>
			<key>sourceTree</key>
			<string>&lt;group&gt;</string>
		</dict>
		<key>6D3349A01AE3F11300B512FD</key>
		<dict>
			<key>fileRef</key>
			<string>6D33499F1AE3F11300B512FD</string>
			<key>isa</key>
			<string>PBXBuildFile</string>
		</dict>
		<key>6D3349A11AE423DA00B512FD</key>
		<dict>
			<key>fileEncoding</key>
			<string>4</string>
			<key>isa</key>
			<string>PBXFileReference</string>
			<key>lastKnownFileType</key>
			<string>file.xib</string>
			<key>name</key>
			<string>FollowTableViewCell.xib</string>
			<key>path</key>
			<string>FollowTableViewCell.xib</string>
			<key>sourceTree</key>
			<string>&lt;group&gt;</string>
		</dict>
		<key>6D3349A21AE423DA00B512FD</key>
		<dict>
			<key>fileRef</key>
			<string>6D3349A11AE423DA00B512FD</string>
			<key>isa</key>
			<string>PBXBuildFile</string>
		</dict>
		<key>6D3FA65B1AD5FACB00B1320D</key>
		<dict>
			<key>fileEncoding</key>
			<string>4</string>
			<key>isa</key>
			<string>PBXFileReference</string>
			<key>lastKnownFileType</key>
			<string>sourcecode.swift</string>
			<key>path</key>
			<string>UsernameViewController.swift</string>
			<key>sourceTree</key>
			<string>&lt;group&gt;</string>
		</dict>
		<key>6D3FA65C1AD5FACB00B1320D</key>
		<dict>
			<key>fileRef</key>
			<string>6D3FA65B1AD5FACB00B1320D</string>
			<key>isa</key>
			<string>PBXBuildFile</string>
		</dict>
		<key>6D3FA6601AD5FD5C00B1320D</key>
		<dict>
			<key>fileEncoding</key>
			<string>4</string>
			<key>isa</key>
			<string>PBXFileReference</string>
			<key>lastKnownFileType</key>
			<string>file.xib</string>
			<key>path</key>
			<string>UsernameViewController.xib</string>
			<key>sourceTree</key>
			<string>&lt;group&gt;</string>
		</dict>
		<key>6D3FA6611AD5FD5C00B1320D</key>
		<dict>
			<key>fileRef</key>
			<string>6D3FA6601AD5FD5C00B1320D</string>
			<key>isa</key>
			<string>PBXBuildFile</string>
		</dict>
		<key>6D54C2A61ABF5A87007648A5</key>
		<dict>
			<key>children</key>
			<array>
				<string>1D802AB41B786350005A96D1</string>
				<string>1D802AB61B78635A005A96D1</string>
			</array>
			<key>isa</key>
			<string>PBXGroup</string>
			<key>name</key>
			<string>Frameworks</string>
			<key>path</key>
			<string>Frameworks</string>
			<key>sourceTree</key>
			<string>&lt;group&gt;</string>
		</dict>
		<key>6DA5FE4C1AED72F800E795DD</key>
		<dict>
			<key>fileEncoding</key>
			<string>4</string>
			<key>isa</key>
			<string>PBXFileReference</string>
			<key>lastKnownFileType</key>
			<string>sourcecode.swift</string>
			<key>path</key>
			<string>UIColor+Shared.swift</string>
			<key>sourceTree</key>
			<string>&lt;group&gt;</string>
		</dict>
		<key>6DA5FE4D1AED72F800E795DD</key>
		<dict>
			<key>fileRef</key>
			<string>6DA5FE4C1AED72F800E795DD</string>
			<key>isa</key>
			<string>PBXBuildFile</string>
		</dict>
		<key>6DEE0FC31AC34811005552F9</key>
		<dict>
			<key>children</key>
			<array>
				<string>D148F4991AF0349A009AB073</string>
				<string>DDEC11541C838F6E0090102A</string>
				<string>DDEC11521C8382BB0090102A</string>
				<string>DDEC11461C8381EE0090102A</string>
				<string>D1173FFF1AF8574400302FFD</string>
				<string>D11740071AF8574900302FFD</string>
				<string>D102A9C51AE889D600C66385</string>
				<string>D102A9C61AE889D600C66385</string>
				<string>D17395881ADF360C00A53AEE</string>
				<string>D17395891ADF360C00A53AEE</string>
				<string>6D3FA65B1AD5FACB00B1320D</string>
				<string>6D3FA6601AD5FD5C00B1320D</string>
				<string>D17395721ADB080900A53AEE</string>
			</array>
			<key>isa</key>
			<string>PBXGroup</string>
			<key>name</key>
			<string>Profile</string>
			<key>path</key>
			<string>Profile</string>
			<key>sourceTree</key>
			<string>&lt;group&gt;</string>
		</dict>
		<key>6DEE0FD01AC34811005552F9</key>
		<dict>
			<key>fileEncoding</key>
			<string>4</string>
			<key>isa</key>
			<string>PBXFileReference</string>
			<key>lastKnownFileType</key>
			<string>sourcecode.swift</string>
			<key>name</key>
			<string>User.swift</string>
			<key>path</key>
			<string>User.swift</string>
			<key>sourceTree</key>
			<string>&lt;group&gt;</string>
		</dict>
		<key>6DEE0FDA1AC34811005552F9</key>
		<dict>
			<key>fileRef</key>
			<string>6DEE0FD01AC34811005552F9</string>
			<key>isa</key>
			<string>PBXBuildFile</string>
		</dict>
		<key>7627A03A72604697AE5116CB</key>
		<dict>
			<key>fileRef</key>
			<string>4E5CFFA002B864BD09465793</string>
			<key>isa</key>
			<string>PBXBuildFile</string>
		</dict>
		<key>7FCE05E51ABF4BD1002103DE</key>
		<dict>
			<key>fileEncoding</key>
			<string>4</string>
			<key>isa</key>
			<string>PBXFileReference</string>
			<key>lastKnownFileType</key>
			<string>sourcecode.swift</string>
			<key>path</key>
			<string>FeedViewController.swift</string>
			<key>sourceTree</key>
			<string>&lt;group&gt;</string>
			<key>usesTabs</key>
			<string>1</string>
		</dict>
		<key>7FCE05E91ABF4BD1002103DE</key>
		<dict>
			<key>fileRef</key>
			<string>7FCE05E51ABF4BD1002103DE</string>
			<key>isa</key>
			<string>PBXBuildFile</string>
		</dict>
		<key>952F0FCB1BCF20E100C53522</key>
		<dict>
			<key>children</key>
			<array>
				<string>952F0FCC1BCF20E100C53522</string>
				<string>CCC0F80D1C0257A2003429BF</string>
				<string>952F0FEB1BCF20E100C53522</string>
				<string>952F0FEC1BCF20E100C53522</string>
				<string>952F0FED1BCF20E100C53522</string>
			</array>
			<key>isa</key>
			<string>PBXGroup</string>
			<key>path</key>
			<string>Tools</string>
			<key>sourceTree</key>
			<string>&lt;group&gt;</string>
		</dict>
		<key>952F0FCC1BCF20E100C53522</key>
		<dict>
			<key>fileEncoding</key>
			<string>4</string>
			<key>isa</key>
			<string>PBXFileReference</string>
			<key>lastKnownFileType</key>
			<string>sourcecode.swift</string>
			<key>path</key>
			<string>ADScreenCapture.swift</string>
			<key>sourceTree</key>
			<string>&lt;group&gt;</string>
		</dict>
		<key>952F0FEB1BCF20E100C53522</key>
		<dict>
			<key>fileEncoding</key>
			<string>4</string>
			<key>isa</key>
			<string>PBXFileReference</string>
			<key>lastKnownFileType</key>
			<string>sourcecode.swift</string>
			<key>path</key>
			<string>SubmitBugViewController.swift</string>
			<key>sourceTree</key>
			<string>&lt;group&gt;</string>
		</dict>
		<key>952F0FEC1BCF20E100C53522</key>
		<dict>
			<key>fileEncoding</key>
			<string>4</string>
			<key>isa</key>
			<string>PBXFileReference</string>
			<key>lastKnownFileType</key>
			<string>sourcecode.swift</string>
			<key>path</key>
			<string>Tools.swift</string>
			<key>sourceTree</key>
			<string>&lt;group&gt;</string>
		</dict>
		<key>952F0FED1BCF20E100C53522</key>
		<dict>
			<key>fileEncoding</key>
			<string>4</string>
			<key>isa</key>
			<string>PBXFileReference</string>
			<key>lastKnownFileType</key>
			<string>sourcecode.swift</string>
			<key>path</key>
			<string>Tweaks.swift</string>
			<key>sourceTree</key>
			<string>&lt;group&gt;</string>
		</dict>
		<key>952F0FEE1BCF20E100C53522</key>
		<dict>
			<key>fileRef</key>
			<string>952F0FCC1BCF20E100C53522</string>
			<key>isa</key>
			<string>PBXBuildFile</string>
		</dict>
		<key>952F0FFC1BCF20E100C53522</key>
		<dict>
			<key>fileRef</key>
			<string>952F0FEB1BCF20E100C53522</string>
			<key>isa</key>
			<string>PBXBuildFile</string>
		</dict>
		<key>952F0FFD1BCF20E100C53522</key>
		<dict>
			<key>fileRef</key>
			<string>952F0FEC1BCF20E100C53522</string>
			<key>isa</key>
			<string>PBXBuildFile</string>
		</dict>
		<key>952F0FFE1BCF20E100C53522</key>
		<dict>
			<key>fileRef</key>
			<string>952F0FED1BCF20E100C53522</string>
			<key>isa</key>
			<string>PBXBuildFile</string>
		</dict>
		<key>95D1E77D1CE20BED00E1EF0F</key>
		<dict>
			<key>fileEncoding</key>
			<string>4</string>
			<key>isa</key>
			<string>PBXFileReference</string>
			<key>lastKnownFileType</key>
			<string>sourcecode.swift</string>
			<key>path</key>
			<string>HamburgerIconView.swift</string>
			<key>sourceTree</key>
			<string>&lt;group&gt;</string>
		</dict>
		<key>95D1E77E1CE20BED00E1EF0F</key>
		<dict>
			<key>fileRef</key>
			<string>95D1E77D1CE20BED00E1EF0F</string>
			<key>isa</key>
			<string>PBXBuildFile</string>
		</dict>
		<key>A1698B38F16E152E9A84B507</key>
		<dict>
			<key>explicitFileType</key>
			<string>wrapper.framework</string>
			<key>includeInIndex</key>
			<string>0</string>
			<key>isa</key>
			<string>PBXFileReference</string>
			<key>path</key>
			<string>Pods.framework</string>
			<key>sourceTree</key>
			<string>BUILT_PRODUCTS_DIR</string>
		</dict>
		<key>AC8DDD8183B4879D60E0364E</key>
		<dict>
			<key>buildActionMask</key>
			<string>2147483647</string>
			<key>files</key>
			<array/>
			<key>inputPaths</key>
			<array/>
			<key>isa</key>
			<string>PBXShellScriptBuildPhase</string>
			<key>name</key>
			<string>[CP] Copy Pods Resources</string>
			<key>outputPaths</key>
			<array/>
			<key>runOnlyForDeploymentPostprocessing</key>
			<string>0</string>
			<key>shellPath</key>
			<string>/bin/sh</string>
			<key>shellScript</key>
			<string>"${SRCROOT}/Pods/Target Support Files/Pods-IceFishing/Pods-IceFishing-resources.sh"
</string>
			<key>showEnvVarsInLog</key>
			<string>0</string>
		</dict>
		<key>B01FE1541C1765080077C2BF</key>
		<dict>
			<key>children</key>
			<array>
				<string>D160AE011BE677D4003B0E1A</string>
				<string>1D653F3D1B81451700F54455</string>
				<string>1DE649C11B78590800DA5499</string>
				<string>1DE649C21B78590800DA5499</string>
			</array>
			<key>isa</key>
			<string>PBXGroup</string>
			<key>name</key>
			<string>Spotify</string>
			<key>path</key>
			<string>Spotify</string>
			<key>sourceTree</key>
			<string>&lt;group&gt;</string>
		</dict>
		<key>B085F3B31BE3CBB80000421E</key>
		<dict>
			<key>fileEncoding</key>
			<string>4</string>
			<key>isa</key>
			<string>PBXFileReference</string>
			<key>lastKnownFileType</key>
			<string>sourcecode.swift</string>
			<key>path</key>
			<string>SearchViewController.swift</string>
			<key>sourceTree</key>
			<string>&lt;group&gt;</string>
		</dict>
		<key>B085F3B41BE3CBB80000421E</key>
		<dict>
			<key>fileEncoding</key>
			<string>4</string>
			<key>isa</key>
			<string>PBXFileReference</string>
			<key>lastKnownFileType</key>
			<string>file.xib</string>
			<key>path</key>
			<string>SearchViewController.xib</string>
			<key>sourceTree</key>
			<string>&lt;group&gt;</string>
		</dict>
		<key>B085F3B61BE3CBB80000421E</key>
		<dict>
			<key>fileRef</key>
			<string>B085F3B41BE3CBB80000421E</string>
			<key>isa</key>
			<string>PBXBuildFile</string>
		</dict>
		<key>B9DF81295CC69057799B6683</key>
		<dict>
			<key>children</key>
			<array>
				<string>A1698B38F16E152E9A84B507</string>
				<string>4E5CFFA002B864BD09465793</string>
			</array>
			<key>isa</key>
			<string>PBXGroup</string>
			<key>name</key>
			<string>Frameworks</string>
			<key>sourceTree</key>
			<string>&lt;group&gt;</string>
		</dict>
		<key>BA24C57C1AF866630066C2ED</key>
		<dict>
			<key>fileEncoding</key>
			<string>4</string>
			<key>isa</key>
			<string>PBXFileReference</string>
			<key>lastKnownFileType</key>
			<string>sourcecode.swift</string>
			<key>path</key>
			<string>SearchPostView.swift</string>
			<key>sourceTree</key>
			<string>&lt;group&gt;</string>
		</dict>
		<key>BA24C57D1AF866630066C2ED</key>
		<dict>
			<key>fileRef</key>
			<string>BA24C57C1AF866630066C2ED</string>
			<key>isa</key>
			<string>PBXBuildFile</string>
		</dict>
		<key>BA257E271ABA3FE200D939B0</key>
		<dict>
			<key>isa</key>
			<string>PBXFileReference</string>
			<key>lastKnownFileType</key>
			<string>sourcecode.c.h</string>
			<key>path</key>
			<string>IceFishing-Bridging-Header.h</string>
			<key>sourceTree</key>
			<string>&lt;group&gt;</string>
		</dict>
		<key>C0CF7B971AE425450083606C</key>
		<dict>
			<key>fileEncoding</key>
			<string>4</string>
			<key>isa</key>
			<string>PBXFileReference</string>
			<key>lastKnownFileType</key>
			<string>sourcecode.swift</string>
			<key>path</key>
			<string>API.swift</string>
			<key>sourceTree</key>
			<string>&lt;group&gt;</string>
		</dict>
		<key>C2178CBB05DFFAE69D4FC237</key>
		<dict>
			<key>includeInIndex</key>
			<string>1</string>
			<key>isa</key>
			<string>PBXFileReference</string>
			<key>lastKnownFileType</key>
			<string>text.xcconfig</string>
			<key>name</key>
			<string>Pods-IceFishing.release.xcconfig</string>
			<key>path</key>
			<string>Pods/Target Support Files/Pods-IceFishing/Pods-IceFishing.release.xcconfig</string>
			<key>sourceTree</key>
			<string>&lt;group&gt;</string>
		</dict>
		<key>CCC0F80D1C0257A2003429BF</key>
		<dict>
			<key>fileEncoding</key>
			<string>4</string>
			<key>isa</key>
			<string>PBXFileReference</string>
			<key>lastKnownFileType</key>
			<string>sourcecode.swift</string>
			<key>path</key>
			<string>BackendNotConnectedProtocol.swift</string>
			<key>sourceTree</key>
			<string>&lt;group&gt;</string>
		</dict>
		<key>CCC0F80E1C0257A2003429BF</key>
		<dict>
			<key>fileRef</key>
			<string>CCC0F80D1C0257A2003429BF</string>
			<key>isa</key>
			<string>PBXBuildFile</string>
		</dict>
		<key>D102A9C51AE889D600C66385</key>
		<dict>
			<key>fileEncoding</key>
			<string>4</string>
			<key>isa</key>
			<string>PBXFileReference</string>
			<key>lastKnownFileType</key>
			<string>sourcecode.swift</string>
			<key>path</key>
			<string>SideBarViewController.swift</string>
			<key>sourceTree</key>
			<string>&lt;group&gt;</string>
		</dict>
		<key>D102A9C61AE889D600C66385</key>
		<dict>
			<key>fileEncoding</key>
			<string>4</string>
			<key>isa</key>
			<string>PBXFileReference</string>
			<key>lastKnownFileType</key>
			<string>file.xib</string>
			<key>path</key>
			<string>SideBarViewController.xib</string>
			<key>sourceTree</key>
			<string>&lt;group&gt;</string>
		</dict>
		<key>D102A9C71AE889D600C66385</key>
		<dict>
			<key>fileRef</key>
			<string>D102A9C51AE889D600C66385</string>
			<key>isa</key>
			<string>PBXBuildFile</string>
		</dict>
		<key>D102A9C81AE889D600C66385</key>
		<dict>
			<key>fileRef</key>
			<string>D102A9C61AE889D600C66385</string>
			<key>isa</key>
			<string>PBXBuildFile</string>
		</dict>
		<key>D102A9CF1AE88CB400C66385</key>
		<dict>
			<key>fileEncoding</key>
			<string>4</string>
			<key>isa</key>
			<string>PBXFileReference</string>
			<key>lastKnownFileType</key>
			<string>sourcecode.swift</string>
			<key>name</key>
			<string>SideBarTableViewCell.swift</string>
			<key>path</key>
			<string>SideBarTableViewCell.swift</string>
			<key>sourceTree</key>
			<string>&lt;group&gt;</string>
		</dict>
		<key>D102A9D11AE88CB400C66385</key>
		<dict>
			<key>fileRef</key>
			<string>D102A9CF1AE88CB400C66385</string>
			<key>isa</key>
			<string>PBXBuildFile</string>
		</dict>
		<key>D1173FFF1AF8574400302FFD</key>
		<dict>
			<key>fileEncoding</key>
			<string>4</string>
			<key>isa</key>
			<string>PBXFileReference</string>
			<key>lastKnownFileType</key>
			<string>sourcecode.swift</string>
			<key>path</key>
			<string>ProfileViewController.swift</string>
			<key>sourceTree</key>
			<string>&lt;group&gt;</string>
		</dict>
		<key>D11740001AF8574400302FFD</key>
		<dict>
			<key>fileRef</key>
			<string>D1173FFF1AF8574400302FFD</string>
			<key>isa</key>
			<string>PBXBuildFile</string>
		</dict>
		<key>D11740071AF8574900302FFD</key>
		<dict>
			<key>fileEncoding</key>
			<string>4</string>
			<key>isa</key>
			<string>PBXFileReference</string>
			<key>lastKnownFileType</key>
			<string>file.xib</string>
			<key>path</key>
			<string>ProfileViewController.xib</string>
			<key>sourceTree</key>
			<string>&lt;group&gt;</string>
		</dict>
		<key>D11740081AF8574900302FFD</key>
		<dict>
			<key>fileRef</key>
			<string>D11740071AF8574900302FFD</string>
			<key>isa</key>
			<string>PBXBuildFile</string>
		</dict>
		<key>D148F48B1AF0310D009AB073</key>
		<dict>
			<key>fileEncoding</key>
			<string>4</string>
			<key>isa</key>
			<string>PBXFileReference</string>
			<key>lastKnownFileType</key>
			<string>sourcecode.swift</string>
			<key>path</key>
			<string>HipCalendarCollectionReusableView.swift</string>
			<key>sourceTree</key>
			<string>&lt;group&gt;</string>
		</dict>
		<key>D148F48C1AF0310D009AB073</key>
		<dict>
			<key>fileRef</key>
			<string>D148F48B1AF0310D009AB073</string>
			<key>isa</key>
			<string>PBXBuildFile</string>
		</dict>
		<key>D148F4931AF03169009AB073</key>
		<dict>
			<key>fileEncoding</key>
			<string>4</string>
			<key>isa</key>
			<string>PBXFileReference</string>
			<key>lastKnownFileType</key>
			<string>sourcecode.swift</string>
			<key>path</key>
			<string>HipCalendarDayCollectionViewCell.swift</string>
			<key>sourceTree</key>
			<string>&lt;group&gt;</string>
		</dict>
		<key>D148F4941AF03169009AB073</key>
		<dict>
			<key>fileRef</key>
			<string>D148F4931AF03169009AB073</string>
			<key>isa</key>
			<string>PBXBuildFile</string>
		</dict>
		<key>D148F4971AF031DB009AB073</key>
		<dict>
			<key>fileEncoding</key>
			<string>4</string>
			<key>isa</key>
			<string>PBXFileReference</string>
			<key>lastKnownFileType</key>
			<string>sourcecode.swift</string>
			<key>path</key>
			<string>NSDateExtension.swift</string>
			<key>sourceTree</key>
			<string>&lt;group&gt;</string>
		</dict>
		<key>D148F4981AF031DB009AB073</key>
		<dict>
			<key>fileRef</key>
			<string>D148F4971AF031DB009AB073</string>
			<key>isa</key>
			<string>PBXBuildFile</string>
		</dict>
		<key>D148F4991AF0349A009AB073</key>
		<dict>
			<key>children</key>
			<array>
				<string>D148F48B1AF0310D009AB073</string>
				<string>D148F4931AF03169009AB073</string>
				<string>D14A31581AF53218005153E6</string>
				<string>D148F4971AF031DB009AB073</string>
				<string>D148F4AC1AF03EF5009AB073</string>
				<string>D148F4AD1AF03EF5009AB073</string>
				<string>D148F4A81AF03EB4009AB073</string>
			</array>
			<key>isa</key>
			<string>PBXGroup</string>
			<key>name</key>
			<string>Post History Calendar</string>
			<key>path</key>
			<string>Post History Calendar</string>
			<key>sourceTree</key>
			<string>&lt;group&gt;</string>
		</dict>
		<key>D148F4A81AF03EB4009AB073</key>
		<dict>
			<key>fileEncoding</key>
			<string>4</string>
			<key>isa</key>
			<string>PBXFileReference</string>
			<key>lastKnownFileType</key>
			<string>sourcecode.swift</string>
			<key>name</key>
			<string>PostHistoryTableViewController.swift</string>
			<key>path</key>
			<string>PostHistoryTableViewController.swift</string>
			<key>sourceTree</key>
			<string>&lt;group&gt;</string>
		</dict>
		<key>D148F4AA1AF03EB4009AB073</key>
		<dict>
			<key>fileRef</key>
			<string>D148F4A81AF03EB4009AB073</string>
			<key>isa</key>
			<string>PBXBuildFile</string>
		</dict>
		<key>D148F4AC1AF03EF5009AB073</key>
		<dict>
			<key>fileEncoding</key>
			<string>4</string>
			<key>isa</key>
			<string>PBXFileReference</string>
			<key>lastKnownFileType</key>
			<string>sourcecode.swift</string>
			<key>path</key>
			<string>PostHistoryTableViewCell.swift</string>
			<key>sourceTree</key>
			<string>&lt;group&gt;</string>
		</dict>
		<key>D148F4AD1AF03EF5009AB073</key>
		<dict>
			<key>fileEncoding</key>
			<string>4</string>
			<key>isa</key>
			<string>PBXFileReference</string>
			<key>lastKnownFileType</key>
			<string>file.xib</string>
			<key>path</key>
			<string>PostHistoryTableViewCell.xib</string>
			<key>sourceTree</key>
			<string>&lt;group&gt;</string>
		</dict>
		<key>D148F4AE1AF03EF5009AB073</key>
		<dict>
			<key>fileRef</key>
			<string>D148F4AC1AF03EF5009AB073</string>
			<key>isa</key>
			<string>PBXBuildFile</string>
		</dict>
		<key>D148F4AF1AF03EF5009AB073</key>
		<dict>
			<key>fileRef</key>
			<string>D148F4AD1AF03EF5009AB073</string>
			<key>isa</key>
			<string>PBXBuildFile</string>
		</dict>
		<key>D14A31581AF53218005153E6</key>
		<dict>
			<key>fileEncoding</key>
			<string>4</string>
			<key>isa</key>
			<string>PBXFileReference</string>
			<key>lastKnownFileType</key>
			<string>sourcecode.swift</string>
			<key>path</key>
			<string>HipStickyHeaderFlowLayout.swift</string>
			<key>sourceTree</key>
			<string>&lt;group&gt;</string>
		</dict>
		<key>D14A31591AF53218005153E6</key>
		<dict>
			<key>fileRef</key>
			<string>D14A31581AF53218005153E6</string>
			<key>isa</key>
			<string>PBXBuildFile</string>
		</dict>
		<key>D14D06B21BE9535400ABA1CF</key>
		<dict>
			<key>fileRef</key>
			<string>B085F3B31BE3CBB80000421E</string>
			<key>isa</key>
			<string>PBXBuildFile</string>
		</dict>
		<key>D160ADFD1BE67406003B0E1A</key>
		<dict>
			<key>fileEncoding</key>
			<string>4</string>
			<key>isa</key>
			<string>PBXFileReference</string>
			<key>lastKnownFileType</key>
			<string>sourcecode.swift</string>
			<key>path</key>
			<string>PlaylistTableViewCell.swift</string>
			<key>sourceTree</key>
			<string>&lt;group&gt;</string>
		</dict>
		<key>D160ADFE1BE67406003B0E1A</key>
		<dict>
			<key>fileEncoding</key>
			<string>4</string>
			<key>isa</key>
			<string>PBXFileReference</string>
			<key>lastKnownFileType</key>
			<string>file.xib</string>
			<key>path</key>
			<string>PlaylistTableViewCell.xib</string>
			<key>sourceTree</key>
			<string>&lt;group&gt;</string>
		</dict>
		<key>D160ADFF1BE67406003B0E1A</key>
		<dict>
			<key>fileRef</key>
			<string>D160ADFD1BE67406003B0E1A</string>
			<key>isa</key>
			<string>PBXBuildFile</string>
		</dict>
		<key>D160AE001BE67406003B0E1A</key>
		<dict>
			<key>fileRef</key>
			<string>D160ADFE1BE67406003B0E1A</string>
			<key>isa</key>
			<string>PBXBuildFile</string>
		</dict>
		<key>D160AE011BE677D4003B0E1A</key>
		<dict>
			<key>fileEncoding</key>
			<string>4</string>
			<key>isa</key>
			<string>PBXFileReference</string>
			<key>lastKnownFileType</key>
			<string>sourcecode.swift</string>
			<key>path</key>
			<string>PlaylistTableViewController.swift</string>
			<key>sourceTree</key>
			<string>&lt;group&gt;</string>
		</dict>
		<key>D160AE021BE677D4003B0E1A</key>
		<dict>
			<key>fileRef</key>
			<string>D160AE011BE677D4003B0E1A</string>
			<key>isa</key>
			<string>PBXBuildFile</string>
		</dict>
		<key>D17395721ADB080900A53AEE</key>
		<dict>
			<key>fileEncoding</key>
			<string>4</string>
			<key>isa</key>
			<string>PBXFileReference</string>
			<key>lastKnownFileType</key>
			<string>sourcecode.swift</string>
			<key>path</key>
			<string>UsersViewController.swift</string>
			<key>sourceTree</key>
			<string>&lt;group&gt;</string>
		</dict>
		<key>D17395741ADB080900A53AEE</key>
		<dict>
			<key>fileRef</key>
			<string>D17395721ADB080900A53AEE</string>
			<key>isa</key>
			<string>PBXBuildFile</string>
		</dict>
		<key>D17395881ADF360C00A53AEE</key>
		<dict>
			<key>fileEncoding</key>
			<string>4</string>
			<key>isa</key>
			<string>PBXFileReference</string>
			<key>lastKnownFileType</key>
			<string>sourcecode.swift</string>
			<key>path</key>
			<string>SignInViewController.swift</string>
			<key>sourceTree</key>
			<string>&lt;group&gt;</string>
		</dict>
		<key>D17395891ADF360C00A53AEE</key>
		<dict>
			<key>fileEncoding</key>
			<string>4</string>
			<key>isa</key>
			<string>PBXFileReference</string>
			<key>lastKnownFileType</key>
			<string>file.xib</string>
			<key>path</key>
			<string>SignInViewController.xib</string>
			<key>sourceTree</key>
			<string>&lt;group&gt;</string>
		</dict>
		<key>D173958A1ADF360C00A53AEE</key>
		<dict>
			<key>fileRef</key>
			<string>D17395881ADF360C00A53AEE</string>
			<key>isa</key>
			<string>PBXBuildFile</string>
		</dict>
		<key>D173958B1ADF360C00A53AEE</key>
		<dict>
			<key>fileRef</key>
			<string>D17395891ADF360C00A53AEE</string>
			<key>isa</key>
			<string>PBXBuildFile</string>
		</dict>
		<key>DBBDF6788B90A85996D296E1</key>
		<dict>
			<key>includeInIndex</key>
			<string>1</string>
			<key>isa</key>
			<string>PBXFileReference</string>
			<key>lastKnownFileType</key>
			<string>text.xcconfig</string>
			<key>name</key>
			<string>Pods-IceFishing.debug.xcconfig</string>
			<key>path</key>
			<string>Pods/Target Support Files/Pods-IceFishing/Pods-IceFishing.debug.xcconfig</string>
			<key>sourceTree</key>
			<string>&lt;group&gt;</string>
		</dict>
		<key>DDEC11461C8381EE0090102A</key>
		<dict>
			<key>fileEncoding</key>
			<string>4</string>
			<key>isa</key>
			<string>PBXFileReference</string>
			<key>lastKnownFileType</key>
			<string>file.xib</string>
			<key>path</key>
			<string>ProfilePictureViewController.xib</string>
			<key>sourceTree</key>
			<string>&lt;group&gt;</string>
		</dict>
		<key>DDEC11471C8381EE0090102A</key>
		<dict>
			<key>fileRef</key>
			<string>DDEC11461C8381EE0090102A</string>
			<key>isa</key>
			<string>PBXBuildFile</string>
		</dict>
		<key>DDEC11521C8382BB0090102A</key>
		<dict>
			<key>fileEncoding</key>
			<string>4</string>
			<key>isa</key>
			<string>PBXFileReference</string>
			<key>lastKnownFileType</key>
			<string>sourcecode.swift</string>
			<key>path</key>
			<string>ProfilePictureViewController.swift</string>
			<key>sourceTree</key>
			<string>&lt;group&gt;</string>
		</dict>
		<key>DDEC11531C8382BB0090102A</key>
		<dict>
			<key>fileRef</key>
			<string>DDEC11521C8382BB0090102A</string>
			<key>isa</key>
			<string>PBXBuildFile</string>
		</dict>
		<key>DDEC11541C838F6E0090102A</key>
		<dict>
			<key>fileEncoding</key>
			<string>4</string>
			<key>isa</key>
			<string>PBXFileReference</string>
			<key>lastKnownFileType</key>
			<string>sourcecode.swift</string>
			<key>path</key>
			<string>PopAnimator.swift</string>
			<key>sourceTree</key>
			<string>&lt;group&gt;</string>
		</dict>
		<key>DDEC11551C838F6E0090102A</key>
		<dict>
			<key>fileRef</key>
			<string>DDEC11541C838F6E0090102A</string>
			<key>isa</key>
			<string>PBXBuildFile</string>
		</dict>
		<key>E244AA0D43192C66D8A68954</key>
		<dict>
			<key>children</key>
			<array>
				<string>DBBDF6788B90A85996D296E1</string>
				<string>C2178CBB05DFFAE69D4FC237</string>
			</array>
			<key>isa</key>
			<string>PBXGroup</string>
			<key>name</key>
			<string>Pods</string>
			<key>sourceTree</key>
			<string>&lt;group&gt;</string>
		</dict>
		<key>ED540AF0F8E9E1ABABA07036</key>
		<dict>
			<key>buildActionMask</key>
			<string>2147483647</string>
			<key>files</key>
			<array/>
			<key>inputPaths</key>
			<array/>
			<key>isa</key>
			<string>PBXShellScriptBuildPhase</string>
			<key>name</key>
			<string>[CP] Check Pods Manifest.lock</string>
			<key>outputPaths</key>
			<array/>
			<key>runOnlyForDeploymentPostprocessing</key>
			<string>0</string>
			<key>shellPath</key>
			<string>/bin/sh</string>
			<key>shellScript</key>
			<string>diff "${PODS_ROOT}/../Podfile.lock" "${PODS_ROOT}/Manifest.lock" &gt; /dev/null
if [[ $? != 0 ]] ; then
    cat &lt;&lt; EOM
error: The sandbox is not in sync with the Podfile.lock. Run 'pod install' or update your CocoaPods installation.
EOM
    exit 1
fi
</string>
			<key>showEnvVarsInLog</key>
			<string>0</string>
		</dict>
		<key>FA1A91301AC3899E00774EF3</key>
		<dict>
			<key>fileEncoding</key>
			<string>4</string>
			<key>isa</key>
			<string>PBXFileReference</string>
			<key>lastKnownFileType</key>
			<string>sourcecode.swift</string>
			<key>path</key>
			<string>Player.swift</string>
			<key>sourceTree</key>
			<string>&lt;group&gt;</string>
		</dict>
		<key>FA1A91311AC3899E00774EF3</key>
		<dict>
			<key>fileRef</key>
			<string>FA1A91301AC3899E00774EF3</string>
			<key>isa</key>
			<string>PBXBuildFile</string>
		</dict>
		<key>FA1E1A771ADB06A3007C823C</key>
		<dict>
			<key>fileEncoding</key>
			<string>4</string>
			<key>isa</key>
			<string>PBXFileReference</string>
			<key>lastKnownFileType</key>
			<string>sourcecode.swift</string>
			<key>name</key>
			<string>Post.swift</string>
			<key>path</key>
			<string>Post.swift</string>
			<key>sourceTree</key>
			<string>&lt;group&gt;</string>
		</dict>
		<key>FA1E1A781ADB06A3007C823C</key>
		<dict>
			<key>fileRef</key>
			<string>FA1E1A771ADB06A3007C823C</string>
			<key>isa</key>
			<string>PBXBuildFile</string>
		</dict>
		<key>FA1E1A7A1ADB06A8007C823C</key>
		<dict>
			<key>children</key>
			<array>
				<string>FA1E1A771ADB06A3007C823C</string>
				<string>FA1E1A7B1ADB072A007C823C</string>
				<string>6DEE0FD01AC34811005552F9</string>
			</array>
			<key>isa</key>
			<string>PBXGroup</string>
			<key>name</key>
			<string>Models</string>
			<key>path</key>
			<string>Models</string>
			<key>sourceTree</key>
			<string>&lt;group&gt;</string>
		</dict>
		<key>FA1E1A7B1ADB072A007C823C</key>
		<dict>
			<key>fileEncoding</key>
			<string>4</string>
			<key>isa</key>
			<string>PBXFileReference</string>
			<key>lastKnownFileType</key>
			<string>sourcecode.swift</string>
			<key>name</key>
			<string>Song.swift</string>
			<key>path</key>
			<string>Song.swift</string>
			<key>sourceTree</key>
			<string>&lt;group&gt;</string>
		</dict>
		<key>FA1E1A7C1ADB072A007C823C</key>
		<dict>
			<key>fileRef</key>
			<string>FA1E1A7B1ADB072A007C823C</string>
			<key>isa</key>
			<string>PBXBuildFile</string>
		</dict>
		<key>FA1E1A7D1ADB0818007C823C</key>
		<dict>
			<key>fileEncoding</key>
			<string>4</string>
			<key>isa</key>
			<string>PBXFileReference</string>
			<key>lastKnownFileType</key>
			<string>sourcecode.swift</string>
			<key>path</key>
			<string>PostView.swift</string>
			<key>sourceTree</key>
			<string>&lt;group&gt;</string>
		</dict>
		<key>FA1E1A7E1ADB0818007C823C</key>
		<dict>
			<key>fileRef</key>
			<string>FA1E1A7D1ADB0818007C823C</string>
			<key>isa</key>
			<string>PBXBuildFile</string>
		</dict>
		<key>FA674C061AF9105E00C14463</key>
		<dict>
			<key>fileEncoding</key>
			<string>4</string>
			<key>isa</key>
			<string>PBXFileReference</string>
			<key>lastKnownFileType</key>
			<string>sourcecode.swift</string>
			<key>path</key>
			<string>ADRefreshControl.swift</string>
			<key>sourceTree</key>
			<string>&lt;group&gt;</string>
		</dict>
		<key>FA674C071AF9105E00C14463</key>
		<dict>
			<key>fileRef</key>
			<string>FA674C061AF9105E00C14463</string>
			<key>isa</key>
			<string>PBXBuildFile</string>
		</dict>
		<key>FA674C0E1AF917A200C14463</key>
		<dict>
			<key>fileEncoding</key>
			<string>4</string>
			<key>isa</key>
			<string>PBXFileReference</string>
			<key>lastKnownFileType</key>
			<string>sourcecode.swift</string>
			<key>name</key>
			<string>UIViewController+Utilities.swift</string>
			<key>path</key>
			<string>UIViewController+Utilities.swift</string>
			<key>sourceTree</key>
			<string>&lt;group&gt;</string>
		</dict>
		<key>FA674C0F1AF917A200C14463</key>
		<dict>
			<key>fileRef</key>
			<string>FA674C0E1AF917A200C14463</string>
			<key>isa</key>
			<string>PBXBuildFile</string>
		</dict>
		<key>FAAFB7F21C7E7BDB00B21BBE</key>
		<dict>
			<key>fileEncoding</key>
			<string>4</string>
			<key>isa</key>
			<string>PBXFileReference</string>
			<key>lastKnownFileType</key>
			<string>sourcecode.swift</string>
			<key>path</key>
			<string>PlayerTableViewController+Pinning.swift</string>
			<key>sourceTree</key>
			<string>&lt;group&gt;</string>
		</dict>
		<key>FAAFB7F31C7E7BDB00B21BBE</key>
		<dict>
			<key>fileRef</key>
			<string>FAAFB7F21C7E7BDB00B21BBE</string>
			<key>isa</key>
			<string>PBXBuildFile</string>
		</dict>
		<key>FAB564711AF6A8C9001059DF</key>
		<dict>
			<key>fileEncoding</key>
			<string>4</string>
			<key>isa</key>
			<string>PBXFileReference</string>
			<key>lastKnownFileType</key>
			<string>sourcecode.swift</string>
			<key>path</key>
			<string>LikedTableViewController.swift</string>
			<key>sourceTree</key>
			<string>&lt;group&gt;</string>
		</dict>
		<key>FAB564731AF6A8C9001059DF</key>
		<dict>
			<key>fileRef</key>
			<string>FAB564711AF6A8C9001059DF</string>
			<key>isa</key>
			<string>PBXBuildFile</string>
		</dict>
		<key>FAB5647B1AF6BAE3001059DF</key>
		<dict>
			<key>fileEncoding</key>
			<string>4</string>
			<key>isa</key>
			<string>PBXFileReference</string>
			<key>lastKnownFileType</key>
			<string>file.xib</string>
			<key>name</key>
			<string>SideBarTableViewCell.xib</string>
			<key>path</key>
			<string>SideBarTableViewCell.xib</string>
			<key>sourceTree</key>
			<string>&lt;group&gt;</string>
		</dict>
		<key>FAB5647C1AF6BAE4001059DF</key>
		<dict>
			<key>fileRef</key>
			<string>FAB5647B1AF6BAE3001059DF</string>
			<key>isa</key>
			<string>PBXBuildFile</string>
		</dict>
	</dict>
	<key>rootObject</key>
	<string>1D72D9AD1AACC4C0007822B0</string>
</dict>
</plist>
